
Microsoft Visual Studio Solution File, Format Version 12.00
# Visual Studio Version 16
VisualStudioVersion = 16.0.34031.81
MinimumVisualStudioVersion = 10.0.40219.1
Project("{2150E333-8FDC-42A3-9474-1A3956D46DE8}") = "Task0", "Task0", "{DDA0E304-FF7B-47B1-9030-77CF3FF7A7CF}"
EndProject
Project("{FAE04EC0-301F-11D3-BF4B-00C04F79EFBC}") = "Tyuiu.ModenovaAP.Sprint1.Task0.V27", "Tyuiu.ModenovaAP.Sprint1.Task0.V27\Tyuiu.ModenovaAP.Sprint1.Task0.V27.csproj", "{3312BD9C-C253-4FC0-B1DE-B852D2B99618}"
EndProject
Project("{FAE04EC0-301F-11D3-BF4B-00C04F79EFBC}") = "Tyuiu.ModenovaAP.Sprint1.Task0.V27.Lib", "Tyuiu.ModenovaAP.Sprint1.Task0.V27.Lib\Tyuiu.ModenovaAP.Sprint1.Task0.V27.Lib.csproj", "{525BAE14-13BF-4FAE-B53D-527854E24F58}"
EndProject
Project("{FAE04EC0-301F-11D3-BF4B-00C04F79EFBC}") = "Tyuiu.ModenovaAP.Sprint1.Task0.V27.Test", "Tyuiu.ModenovaAP.Sprint1.Task0.V27.Test\Tyuiu.ModenovaAP.Sprint1.Task0.V27.Test.csproj", "{559C5A49-E990-45D5-8819-19BA22533D14}"
EndProject
Project("{2150E333-8FDC-42A3-9474-1A3956D46DE8}") = "Task1", "Task1", "{7F9E4647-CC39-46FC-B758-2F6D601899D9}"
EndProject
Project("{FAE04EC0-301F-11D3-BF4B-00C04F79EFBC}") = "Tyuiu.ModenovaAP.Sprint1.Task1.V16", "Tyuiu.ModenovaAP.Sprint1.Task1.V16\Tyuiu.ModenovaAP.Sprint1.Task1.V16.csproj", "{A2BFE28F-5F85-4AA5-A5CB-342A573F0AA3}"
EndProject
Project("{FAE04EC0-301F-11D3-BF4B-00C04F79EFBC}") = "Tyuiu.ModenovaAP.Sprint1.Task1.V16.Lib", "Tyuiu.ModenovaAP.Sprint1.Task1.V16.Lib\Tyuiu.ModenovaAP.Sprint1.Task1.V16.Lib.csproj", "{A4DE9FC1-2681-40E1-816E-92A7C95FB0A6}"
EndProject
Project("{FAE04EC0-301F-11D3-BF4B-00C04F79EFBC}") = "Tyuiu.ModenovaAP.Sprint1.Task1.V16.Test", "Tyuiu.ModenovaAP.Sprint1.Task1.V16.Test\Tyuiu.ModenovaAP.Sprint1.Task1.V16.Test.csproj", "{E1BB3098-0173-4761-BA57-AFF52AAE485E}"
EndProject
Project("{2150E333-8FDC-42A3-9474-1A3956D46DE8}") = "Task2", "Task2", "{EE50CA87-FFAA-4149-A52C-1D715BBAE08A}"
EndProject
Project("{FAE04EC0-301F-11D3-BF4B-00C04F79EFBC}") = "Tyuiu.ModenovaAP.Sprint1.Task2.V19", "Tyuiu.ModenovaAP.Sprint1.Task2.V19\Tyuiu.ModenovaAP.Sprint1.Task2.V19.csproj", "{1802324E-785A-4DAC-B87C-90DFEB98B680}"
EndProject
Project("{FAE04EC0-301F-11D3-BF4B-00C04F79EFBC}") = "Tyuiu.ModenovaAP.Sprint1.Task2.V19.Lib", "Tyuiu.ModenovaAP.Sprint1.Task2.V19.Lib\Tyuiu.ModenovaAP.Sprint1.Task2.V19.Lib.csproj", "{16F20D21-BC61-49EE-8C65-27B498B83098}"
EndProject
Project("{FAE04EC0-301F-11D3-BF4B-00C04F79EFBC}") = "Tyuiu.ModenovaAP.Sprint1.Task2.V19.Test", "Tyuiu.ModenovaAP.Sprint1.Task2.V19.Test\Tyuiu.ModenovaAP.Sprint1.Task2.V19.Test.csproj", "{B5F47970-2AA8-47DA-AF33-0CB14D0135DF}"
EndProject
Project("{2150E333-8FDC-42A3-9474-1A3956D46DE8}") = "Task3", "Task3", "{692FBF3A-2716-4727-B1B2-00751D07B09F}"
EndProject
Project("{FAE04EC0-301F-11D3-BF4B-00C04F79EFBC}") = "Tyuiu.ModenovaAP.Sprint1.Task3.V6", "Tyuiu.ModenovaAP.Sprint1.Task3.V6\Tyuiu.ModenovaAP.Sprint1.Task3.V6.csproj", "{9451711E-073B-48CE-B119-E338E5C42ED2}"
EndProject
Project("{FAE04EC0-301F-11D3-BF4B-00C04F79EFBC}") = "Tyuiu.ModenovaAP.Sprint1.Task3.V6.Lib", "Tyuiu.ModenovaAP.Sprint1.Task3.V6.Lib\Tyuiu.ModenovaAP.Sprint1.Task3.V6.Lib.csproj", "{7A635D55-AA92-4B23-98E4-827E56E24541}"
EndProject
Project("{FAE04EC0-301F-11D3-BF4B-00C04F79EFBC}") = "Tyuiu.ModenovaAP.Sprint1.Task3.V6.Test", "Tyuiu.ModenovaAP.Sprint1.Task3.V6.Test\Tyuiu.ModenovaAP.Sprint1.Task3.V6.Test.csproj", "{6A9EC5F2-155F-4AB4-97FA-2A6AF02CE3E9}"
EndProject
Project("{2150E333-8FDC-42A3-9474-1A3956D46DE8}") = "Task4", "Task4", "{1084B671-6830-4F64-9160-6BAA097B0BE3}"
EndProject
Project("{FAE04EC0-301F-11D3-BF4B-00C04F79EFBC}") = "Tyuiu.ModenovaAP.Sprint1.Task4.V27", "Tyuiu.ModenovaAP.Sprint1.Task4.V27\Tyuiu.ModenovaAP.Sprint1.Task4.V27.csproj", "{D50C47CE-364F-4AA7-81C0-E15AE62865EC}"
EndProject
Project("{FAE04EC0-301F-11D3-BF4B-00C04F79EFBC}") = "Tyuiu.ModenovaAP.Sprint1.Task4.V27.Lib", "Tyuiu.ModenovaAP.Sprint1.Task4.V27.Lib\Tyuiu.ModenovaAP.Sprint1.Task4.V27.Lib.csproj", "{A5366737-3760-4730-A48B-018CC18A16A3}"
EndProject
Project("{FAE04EC0-301F-11D3-BF4B-00C04F79EFBC}") = "Tyuiu.ModenovaAP.Sprint1.Task4.V27.Test", "Tyuiu.ModenovaAP.Sprint1.Task4.V27.Test\Tyuiu.ModenovaAP.Sprint1.Task4.V27.Test.csproj", "{2ECC2C82-D950-40E6-81C6-28843D5488A7}"
EndProject
Project("{2150E333-8FDC-42A3-9474-1A3956D46DE8}") = "Task5", "Task5", "{E5AFEB9D-07C4-4853-938F-3556BDB04496}"
EndProject
Project("{FAE04EC0-301F-11D3-BF4B-00C04F79EFBC}") = "Tyuiu.ModenovaAP.Sprint1.Task5.V5", "Tyuiu.ModenovaAP.Sprint1.Task5.V5\Tyuiu.ModenovaAP.Sprint1.Task5.V5.csproj", "{1D1B8A2C-0221-4FD8-90DF-C233DF448174}"
EndProject
Project("{FAE04EC0-301F-11D3-BF4B-00C04F79EFBC}") = "Tyuiu.ModenovaAP.Sprint1.Task5.V5.Lib", "Tyuiu.ModenovaAP.Sprint1.Task5.V5.Lib\Tyuiu.ModenovaAP.Sprint1.Task5.V5.Lib.csproj", "{F0B93942-E7EA-49D7-AB63-6D166157E480}"
EndProject
Project("{FAE04EC0-301F-11D3-BF4B-00C04F79EFBC}") = "Tyuiu.ModenovaAP.Sprint1.Task5.V5.Test", "Tyuiu.ModenovaAP.Sprint1.Task5.V5.Test\Tyuiu.ModenovaAP.Sprint1.Task5.V5.Test.csproj", "{18F2EEC9-1EFC-45C1-963C-5914982635FE}"
EndProject
Project("{2150E333-8FDC-42A3-9474-1A3956D46DE8}") = "Task6", "Task6", "{0BB2BAC2-2D12-43DF-96C6-E0B000584557}"
EndProject
Project("{FAE04EC0-301F-11D3-BF4B-00C04F79EFBC}") = "Tyuiu.ModenovaAP.Sprint1.Task6.V5", "Tyuiu.ModenovaAP.Sprint1.Task6.V5\Tyuiu.ModenovaAP.Sprint1.Task6.V5.csproj", "{AFA539BA-5823-499F-B1A0-90AE1C3B5032}"
EndProject
Project("{FAE04EC0-301F-11D3-BF4B-00C04F79EFBC}") = "Tyuiu.ModenovaAP.Sprint1.Task6.V5.Lib", "Tyuiu.ModenovaAP.Sprint1.Task6.V5.Lib\Tyuiu.ModenovaAP.Sprint1.Task6.V5.Lib.csproj", "{9CB03708-377F-495B-A957-63D858D936DE}"
EndProject
Project("{FAE04EC0-301F-11D3-BF4B-00C04F79EFBC}") = "Tyuiu.ModenovaAP.Sprint1.Task6.V5.Test", "Tyuiu.ModenovaAP.Sprint1.Task6.V5.Test\Tyuiu.ModenovaAP.Sprint1.Task6.V5.Test.csproj", "{21C00419-8A06-40EB-98F7-32CD55F6AB7C}"
EndProject
Project("{2150E333-8FDC-42A3-9474-1A3956D46DE8}") = "Task7", "Task7", "{9B536FA3-DC70-4AC9-AF51-0F66A9EAEB6C}"
EndProject
Project("{FAE04EC0-301F-11D3-BF4B-00C04F79EFBC}") = "Tyuiu.ModenovaAP.Sprint1.Task7.V18", "Tyuiu.ModenovaAP.Sprint1.Task7.V18\Tyuiu.ModenovaAP.Sprint1.Task7.V18.csproj", "{46AFEF0F-6A52-4062-9478-377F509EA962}"
EndProject
Project("{FAE04EC0-301F-11D3-BF4B-00C04F79EFBC}") = "Tyuiu.ModenovaAP.Sprint1.Task7.V18.Lib", "Tyuiu.ModenovaAP.Sprint1.Task7.V18.Lib\Tyuiu.ModenovaAP.Sprint1.Task7.V18.Lib.csproj", "{44A0A2E2-B669-4BA9-A5C0-BD544FFB6604}"
EndProject
Project("{FAE04EC0-301F-11D3-BF4B-00C04F79EFBC}") = "Tyuiu.ModenovaAP.Sprint1.Task7.V18.Test", "Tyuiu.ModenovaAP.Sprint1.Task7.V18.Test\Tyuiu.ModenovaAP.Sprint1.Task7.V18.Test.csproj", "{17032AB9-BE1E-49DE-A0AD-F0B596B3213D}"
EndProject
Global
	GlobalSection(SolutionConfigurationPlatforms) = preSolution
		Debug|Any CPU = Debug|Any CPU
		Release|Any CPU = Release|Any CPU
	EndGlobalSection
	GlobalSection(ProjectConfigurationPlatforms) = postSolution
		{3312BD9C-C253-4FC0-B1DE-B852D2B99618}.Debug|Any CPU.ActiveCfg = Debug|Any CPU
		{3312BD9C-C253-4FC0-B1DE-B852D2B99618}.Debug|Any CPU.Build.0 = Debug|Any CPU
		{3312BD9C-C253-4FC0-B1DE-B852D2B99618}.Release|Any CPU.ActiveCfg = Release|Any CPU
		{3312BD9C-C253-4FC0-B1DE-B852D2B99618}.Release|Any CPU.Build.0 = Release|Any CPU
		{525BAE14-13BF-4FAE-B53D-527854E24F58}.Debug|Any CPU.ActiveCfg = Debug|Any CPU
		{525BAE14-13BF-4FAE-B53D-527854E24F58}.Debug|Any CPU.Build.0 = Debug|Any CPU
		{525BAE14-13BF-4FAE-B53D-527854E24F58}.Release|Any CPU.ActiveCfg = Release|Any CPU
		{525BAE14-13BF-4FAE-B53D-527854E24F58}.Release|Any CPU.Build.0 = Release|Any CPU
		{559C5A49-E990-45D5-8819-19BA22533D14}.Debug|Any CPU.ActiveCfg = Debug|Any CPU
		{559C5A49-E990-45D5-8819-19BA22533D14}.Debug|Any CPU.Build.0 = Debug|Any CPU
		{559C5A49-E990-45D5-8819-19BA22533D14}.Release|Any CPU.ActiveCfg = Release|Any CPU
		{559C5A49-E990-45D5-8819-19BA22533D14}.Release|Any CPU.Build.0 = Release|Any CPU
		{A2BFE28F-5F85-4AA5-A5CB-342A573F0AA3}.Debug|Any CPU.ActiveCfg = Debug|Any CPU
		{A2BFE28F-5F85-4AA5-A5CB-342A573F0AA3}.Debug|Any CPU.Build.0 = Debug|Any CPU
		{A2BFE28F-5F85-4AA5-A5CB-342A573F0AA3}.Release|Any CPU.ActiveCfg = Release|Any CPU
		{A2BFE28F-5F85-4AA5-A5CB-342A573F0AA3}.Release|Any CPU.Build.0 = Release|Any CPU
		{A4DE9FC1-2681-40E1-816E-92A7C95FB0A6}.Debug|Any CPU.ActiveCfg = Debug|Any CPU
		{A4DE9FC1-2681-40E1-816E-92A7C95FB0A6}.Debug|Any CPU.Build.0 = Debug|Any CPU
		{A4DE9FC1-2681-40E1-816E-92A7C95FB0A6}.Release|Any CPU.ActiveCfg = Release|Any CPU
		{A4DE9FC1-2681-40E1-816E-92A7C95FB0A6}.Release|Any CPU.Build.0 = Release|Any CPU
		{E1BB3098-0173-4761-BA57-AFF52AAE485E}.Debug|Any CPU.ActiveCfg = Debug|Any CPU
		{E1BB3098-0173-4761-BA57-AFF52AAE485E}.Debug|Any CPU.Build.0 = Debug|Any CPU
		{E1BB3098-0173-4761-BA57-AFF52AAE485E}.Release|Any CPU.ActiveCfg = Release|Any CPU
		{E1BB3098-0173-4761-BA57-AFF52AAE485E}.Release|Any CPU.Build.0 = Release|Any CPU
		{1802324E-785A-4DAC-B87C-90DFEB98B680}.Debug|Any CPU.ActiveCfg = Debug|Any CPU
		{1802324E-785A-4DAC-B87C-90DFEB98B680}.Debug|Any CPU.Build.0 = Debug|Any CPU
		{1802324E-785A-4DAC-B87C-90DFEB98B680}.Release|Any CPU.ActiveCfg = Release|Any CPU
		{1802324E-785A-4DAC-B87C-90DFEB98B680}.Release|Any CPU.Build.0 = Release|Any CPU
		{16F20D21-BC61-49EE-8C65-27B498B83098}.Debug|Any CPU.ActiveCfg = Debug|Any CPU
		{16F20D21-BC61-49EE-8C65-27B498B83098}.Debug|Any CPU.Build.0 = Debug|Any CPU
		{16F20D21-BC61-49EE-8C65-27B498B83098}.Release|Any CPU.ActiveCfg = Release|Any CPU
		{16F20D21-BC61-49EE-8C65-27B498B83098}.Release|Any CPU.Build.0 = Release|Any CPU
		{B5F47970-2AA8-47DA-AF33-0CB14D0135DF}.Debug|Any CPU.ActiveCfg = Debug|Any CPU
		{B5F47970-2AA8-47DA-AF33-0CB14D0135DF}.Debug|Any CPU.Build.0 = Debug|Any CPU
		{B5F47970-2AA8-47DA-AF33-0CB14D0135DF}.Release|Any CPU.ActiveCfg = Release|Any CPU
		{B5F47970-2AA8-47DA-AF33-0CB14D0135DF}.Release|Any CPU.Build.0 = Release|Any CPU
		{9451711E-073B-48CE-B119-E338E5C42ED2}.Debug|Any CPU.ActiveCfg = Debug|Any CPU
		{9451711E-073B-48CE-B119-E338E5C42ED2}.Debug|Any CPU.Build.0 = Debug|Any CPU
		{9451711E-073B-48CE-B119-E338E5C42ED2}.Release|Any CPU.ActiveCfg = Release|Any CPU
		{9451711E-073B-48CE-B119-E338E5C42ED2}.Release|Any CPU.Build.0 = Release|Any CPU
		{7A635D55-AA92-4B23-98E4-827E56E24541}.Debug|Any CPU.ActiveCfg = Debug|Any CPU
		{7A635D55-AA92-4B23-98E4-827E56E24541}.Debug|Any CPU.Build.0 = Debug|Any CPU
		{7A635D55-AA92-4B23-98E4-827E56E24541}.Release|Any CPU.ActiveCfg = Release|Any CPU
		{7A635D55-AA92-4B23-98E4-827E56E24541}.Release|Any CPU.Build.0 = Release|Any CPU
		{6A9EC5F2-155F-4AB4-97FA-2A6AF02CE3E9}.Debug|Any CPU.ActiveCfg = Debug|Any CPU
		{6A9EC5F2-155F-4AB4-97FA-2A6AF02CE3E9}.Debug|Any CPU.Build.0 = Debug|Any CPU
		{6A9EC5F2-155F-4AB4-97FA-2A6AF02CE3E9}.Release|Any CPU.ActiveCfg = Release|Any CPU
		{6A9EC5F2-155F-4AB4-97FA-2A6AF02CE3E9}.Release|Any CPU.Build.0 = Release|Any CPU
		{D50C47CE-364F-4AA7-81C0-E15AE62865EC}.Debug|Any CPU.ActiveCfg = Debug|Any CPU
		{D50C47CE-364F-4AA7-81C0-E15AE62865EC}.Debug|Any CPU.Build.0 = Debug|Any CPU
		{D50C47CE-364F-4AA7-81C0-E15AE62865EC}.Release|Any CPU.ActiveCfg = Release|Any CPU
		{D50C47CE-364F-4AA7-81C0-E15AE62865EC}.Release|Any CPU.Build.0 = Release|Any CPU
		{A5366737-3760-4730-A48B-018CC18A16A3}.Debug|Any CPU.ActiveCfg = Debug|Any CPU
		{A5366737-3760-4730-A48B-018CC18A16A3}.Debug|Any CPU.Build.0 = Debug|Any CPU
		{A5366737-3760-4730-A48B-018CC18A16A3}.Release|Any CPU.ActiveCfg = Release|Any CPU
		{A5366737-3760-4730-A48B-018CC18A16A3}.Release|Any CPU.Build.0 = Release|Any CPU
		{2ECC2C82-D950-40E6-81C6-28843D5488A7}.Debug|Any CPU.ActiveCfg = Debug|Any CPU
		{2ECC2C82-D950-40E6-81C6-28843D5488A7}.Debug|Any CPU.Build.0 = Debug|Any CPU
		{2ECC2C82-D950-40E6-81C6-28843D5488A7}.Release|Any CPU.ActiveCfg = Release|Any CPU
		{2ECC2C82-D950-40E6-81C6-28843D5488A7}.Release|Any CPU.Build.0 = Release|Any CPU
		{1D1B8A2C-0221-4FD8-90DF-C233DF448174}.Debug|Any CPU.ActiveCfg = Debug|Any CPU
		{1D1B8A2C-0221-4FD8-90DF-C233DF448174}.Debug|Any CPU.Build.0 = Debug|Any CPU
		{1D1B8A2C-0221-4FD8-90DF-C233DF448174}.Release|Any CPU.ActiveCfg = Release|Any CPU
		{1D1B8A2C-0221-4FD8-90DF-C233DF448174}.Release|Any CPU.Build.0 = Release|Any CPU
		{F0B93942-E7EA-49D7-AB63-6D166157E480}.Debug|Any CPU.ActiveCfg = Debug|Any CPU
		{F0B93942-E7EA-49D7-AB63-6D166157E480}.Debug|Any CPU.Build.0 = Debug|Any CPU
		{F0B93942-E7EA-49D7-AB63-6D166157E480}.Release|Any CPU.ActiveCfg = Release|Any CPU
		{F0B93942-E7EA-49D7-AB63-6D166157E480}.Release|Any CPU.Build.0 = Release|Any CPU
		{18F2EEC9-1EFC-45C1-963C-5914982635FE}.Debug|Any CPU.ActiveCfg = Debug|Any CPU
		{18F2EEC9-1EFC-45C1-963C-5914982635FE}.Debug|Any CPU.Build.0 = Debug|Any CPU
		{18F2EEC9-1EFC-45C1-963C-5914982635FE}.Release|Any CPU.ActiveCfg = Release|Any CPU
		{18F2EEC9-1EFC-45C1-963C-5914982635FE}.Release|Any CPU.Build.0 = Release|Any CPU
		{AFA539BA-5823-499F-B1A0-90AE1C3B5032}.Debug|Any CPU.ActiveCfg = Debug|Any CPU
		{AFA539BA-5823-499F-B1A0-90AE1C3B5032}.Debug|Any CPU.Build.0 = Debug|Any CPU
		{AFA539BA-5823-499F-B1A0-90AE1C3B5032}.Release|Any CPU.ActiveCfg = Release|Any CPU
		{AFA539BA-5823-499F-B1A0-90AE1C3B5032}.Release|Any CPU.Build.0 = Release|Any CPU
		{9CB03708-377F-495B-A957-63D858D936DE}.Debug|Any CPU.ActiveCfg = Debug|Any CPU
		{9CB03708-377F-495B-A957-63D858D936DE}.Debug|Any CPU.Build.0 = Debug|Any CPU
		{9CB03708-377F-495B-A957-63D858D936DE}.Release|Any CPU.ActiveCfg = Release|Any CPU
		{9CB03708-377F-495B-A957-63D858D936DE}.Release|Any CPU.Build.0 = Release|Any CPU
		{21C00419-8A06-40EB-98F7-32CD55F6AB7C}.Debug|Any CPU.ActiveCfg = Debug|Any CPU
		{21C00419-8A06-40EB-98F7-32CD55F6AB7C}.Debug|Any CPU.Build.0 = Debug|Any CPU
		{21C00419-8A06-40EB-98F7-32CD55F6AB7C}.Release|Any CPU.ActiveCfg = Release|Any CPU
		{21C00419-8A06-40EB-98F7-32CD55F6AB7C}.Release|Any CPU.Build.0 = Release|Any CPU
		{46AFEF0F-6A52-4062-9478-377F509EA962}.Debug|Any CPU.ActiveCfg = Debug|Any CPU
		{46AFEF0F-6A52-4062-9478-377F509EA962}.Debug|Any CPU.Build.0 = Debug|Any CPU
		{46AFEF0F-6A52-4062-9478-377F509EA962}.Release|Any CPU.ActiveCfg = Release|Any CPU
		{46AFEF0F-6A52-4062-9478-377F509EA962}.Release|Any CPU.Build.0 = Release|Any CPU
		{44A0A2E2-B669-4BA9-A5C0-BD544FFB6604}.Debug|Any CPU.ActiveCfg = Debug|Any CPU
		{44A0A2E2-B669-4BA9-A5C0-BD544FFB6604}.Debug|Any CPU.Build.0 = Debug|Any CPU
		{44A0A2E2-B669-4BA9-A5C0-BD544FFB6604}.Release|Any CPU.ActiveCfg = Release|Any CPU
		{44A0A2E2-B669-4BA9-A5C0-BD544FFB6604}.Release|Any CPU.Build.0 = Release|Any CPU
		{17032AB9-BE1E-49DE-A0AD-F0B596B3213D}.Debug|Any CPU.ActiveCfg = Debug|Any CPU
		{17032AB9-BE1E-49DE-A0AD-F0B596B3213D}.Debug|Any CPU.Build.0 = Debug|Any CPU
		{17032AB9-BE1E-49DE-A0AD-F0B596B3213D}.Release|Any CPU.ActiveCfg = Release|Any CPU
		{17032AB9-BE1E-49DE-A0AD-F0B596B3213D}.Release|Any CPU.Build.0 = Release|Any CPU
	EndGlobalSection
	GlobalSection(SolutionProperties) = preSolution
		HideSolutionNode = FALSE
	EndGlobalSection
	GlobalSection(NestedProjects) = preSolution
		{3312BD9C-C253-4FC0-B1DE-B852D2B99618} = {DDA0E304-FF7B-47B1-9030-77CF3FF7A7CF}
		{525BAE14-13BF-4FAE-B53D-527854E24F58} = {DDA0E304-FF7B-47B1-9030-77CF3FF7A7CF}
		{559C5A49-E990-45D5-8819-19BA22533D14} = {DDA0E304-FF7B-47B1-9030-77CF3FF7A7CF}
		{A2BFE28F-5F85-4AA5-A5CB-342A573F0AA3} = {7F9E4647-CC39-46FC-B758-2F6D601899D9}
		{A4DE9FC1-2681-40E1-816E-92A7C95FB0A6} = {7F9E4647-CC39-46FC-B758-2F6D601899D9}
		{E1BB3098-0173-4761-BA57-AFF52AAE485E} = {7F9E4647-CC39-46FC-B758-2F6D601899D9}
		{1802324E-785A-4DAC-B87C-90DFEB98B680} = {EE50CA87-FFAA-4149-A52C-1D715BBAE08A}
		{16F20D21-BC61-49EE-8C65-27B498B83098} = {EE50CA87-FFAA-4149-A52C-1D715BBAE08A}
		{B5F47970-2AA8-47DA-AF33-0CB14D0135DF} = {EE50CA87-FFAA-4149-A52C-1D715BBAE08A}
		{9451711E-073B-48CE-B119-E338E5C42ED2} = {692FBF3A-2716-4727-B1B2-00751D07B09F}
		{7A635D55-AA92-4B23-98E4-827E56E24541} = {692FBF3A-2716-4727-B1B2-00751D07B09F}
		{6A9EC5F2-155F-4AB4-97FA-2A6AF02CE3E9} = {692FBF3A-2716-4727-B1B2-00751D07B09F}
		{D50C47CE-364F-4AA7-81C0-E15AE62865EC} = {1084B671-6830-4F64-9160-6BAA097B0BE3}
		{A5366737-3760-4730-A48B-018CC18A16A3} = {1084B671-6830-4F64-9160-6BAA097B0BE3}
		{2ECC2C82-D950-40E6-81C6-28843D5488A7} = {1084B671-6830-4F64-9160-6BAA097B0BE3}
		{1D1B8A2C-0221-4FD8-90DF-C233DF448174} = {E5AFEB9D-07C4-4853-938F-3556BDB04496}
		{F0B93942-E7EA-49D7-AB63-6D166157E480} = {E5AFEB9D-07C4-4853-938F-3556BDB04496}
		{18F2EEC9-1EFC-45C1-963C-5914982635FE} = {E5AFEB9D-07C4-4853-938F-3556BDB04496}
		{AFA539BA-5823-499F-B1A0-90AE1C3B5032} = {0BB2BAC2-2D12-43DF-96C6-E0B000584557}
		{9CB03708-377F-495B-A957-63D858D936DE} = {0BB2BAC2-2D12-43DF-96C6-E0B000584557}
		{21C00419-8A06-40EB-98F7-32CD55F6AB7C} = {0BB2BAC2-2D12-43DF-96C6-E0B000584557}
		{46AFEF0F-6A52-4062-9478-377F509EA962} = {9B536FA3-DC70-4AC9-AF51-0F66A9EAEB6C}
		{44A0A2E2-B669-4BA9-A5C0-BD544FFB6604} = {9B536FA3-DC70-4AC9-AF51-0F66A9EAEB6C}
		{17032AB9-BE1E-49DE-A0AD-F0B596B3213D} = {9B536FA3-DC70-4AC9-AF51-0F66A9EAEB6C}
	EndGlobalSection
	GlobalSection(ExtensibilityGlobals) = postSolution
		SolutionGuid = {F0D384C0-EBF1-420C-B9B6-7A4F87BA134F}
	EndGlobalSection
EndGlobal
