
Microsoft Visual Studio Solution File, Format Version 12.00
# Visual Studio Version 16
VisualStudioVersion = 16.0.34031.81
MinimumVisualStudioVersion = 10.0.40219.1
Project("{2150E333-8FDC-42A3-9474-1A3956D46DE8}") = "Task0", "Task0", "{DDA0E304-FF7B-47B1-9030-77CF3FF7A7CF}"
EndProject
Project("{FAE04EC0-301F-11D3-BF4B-00C04F79EFBC}") = "Tyuiu.ModenovaAP.Sprint1.Task0.V27", "Tyuiu.ModenovaAP.Sprint1.Task0.V27\Tyuiu.ModenovaAP.Sprint1.Task0.V27.csproj", "{3312BD9C-C253-4FC0-B1DE-B852D2B99618}"
EndProject
Project("{FAE04EC0-301F-11D3-BF4B-00C04F79EFBC}") = "Tyuiu.ModenovaAP.Sprint1.Task0.V27.Lib", "Tyuiu.ModenovaAP.Sprint1.Task0.V27.Lib\Tyuiu.ModenovaAP.Sprint1.Task0.V27.Lib.csproj", "{525BAE14-13BF-4FAE-B53D-527854E24F58}"
EndProject
Project("{FAE04EC0-301F-11D3-BF4B-00C04F79EFBC}") = "Tyuiu.ModenovaAP.Sprint1.Task0.V27.Test", "Tyuiu.ModenovaAP.Sprint1.Task0.V27.Test\Tyuiu.ModenovaAP.Sprint1.Task0.V27.Test.csproj", "{559C5A49-E990-45D5-8819-19BA22533D14}"
EndProject
Global
	GlobalSection(SolutionConfigurationPlatforms) = preSolution
		Debug|Any CPU = Debug|Any CPU
		Release|Any CPU = Release|Any CPU
	EndGlobalSection
	GlobalSection(ProjectConfigurationPlatforms) = postSolution
		{3312BD9C-C253-4FC0-B1DE-B852D2B99618}.Debug|Any CPU.ActiveCfg = Debug|Any CPU
		{3312BD9C-C253-4FC0-B1DE-B852D2B99618}.Debug|Any CPU.Build.0 = Debug|Any CPU
		{3312BD9C-C253-4FC0-B1DE-B852D2B99618}.Release|Any CPU.ActiveCfg = Release|Any CPU
		{3312BD9C-C253-4FC0-B1DE-B852D2B99618}.Release|Any CPU.Build.0 = Release|Any CPU
		{525BAE14-13BF-4FAE-B53D-527854E24F58}.Debug|Any CPU.ActiveCfg = Debug|Any CPU
		{525BAE14-13BF-4FAE-B53D-527854E24F58}.Debug|Any CPU.Build.0 = Debug|Any CPU
		{525BAE14-13BF-4FAE-B53D-527854E24F58}.Release|Any CPU.ActiveCfg = Release|Any CPU
		{525BAE14-13BF-4FAE-B53D-527854E24F58}.Release|Any CPU.Build.0 = Release|Any CPU
		{559C5A49-E990-45D5-8819-19BA22533D14}.Debug|Any CPU.ActiveCfg = Debug|Any CPU
		{559C5A49-E990-45D5-8819-19BA22533D14}.Debug|Any CPU.Build.0 = Debug|Any CPU
		{559C5A49-E990-45D5-8819-19BA22533D14}.Release|Any CPU.ActiveCfg = Release|Any CPU
		{559C5A49-E990-45D5-8819-19BA22533D14}.Release|Any CPU.Build.0 = Release|Any CPU
	EndGlobalSection
	GlobalSection(SolutionProperties) = preSolution
		HideSolutionNode = FALSE
	EndGlobalSection
	GlobalSection(NestedProjects) = preSolution
		{3312BD9C-C253-4FC0-B1DE-B852D2B99618} = {DDA0E304-FF7B-47B1-9030-77CF3FF7A7CF}
		{525BAE14-13BF-4FAE-B53D-527854E24F58} = {DDA0E304-FF7B-47B1-9030-77CF3FF7A7CF}
		{559C5A49-E990-45D5-8819-19BA22533D14} = {DDA0E304-FF7B-47B1-9030-77CF3FF7A7CF}
	EndGlobalSection
	GlobalSection(ExtensibilityGlobals) = postSolution
		SolutionGuid = {F0D384C0-EBF1-420C-B9B6-7A4F87BA134F}
	EndGlobalSection
EndGlobal
